
Microsoft Visual Studio Solution File, Format Version 12.00
# Visual Studio 2013
VisualStudioVersion = 12.0.30723.0
MinimumVisualStudioVersion = 10.0.40219.1
Project("{FAE04EC0-301F-11D3-BF4B-00C04F79EFBC}") = "13-12-2014", "13-12-2014\13-12-2014.csproj", "{38950451-53CC-4589-A1FF-5E6835EB332B}"
EndProject
Project("{FAE04EC0-301F-11D3-BF4B-00C04F79EFBC}") = "13-12-2014-Tests", "13-12-2014-Tests\13-12-2014-Tests.csproj", "{E57BF08D-D4A9-47BE-A295-643D65C29590}"
EndProject
Global
	GlobalSection(SolutionConfigurationPlatforms) = preSolution
		Debug|Any CPU = Debug|Any CPU
		Release|Any CPU = Release|Any CPU
	EndGlobalSection
	GlobalSection(ProjectConfigurationPlatforms) = postSolution
		{38950451-53CC-4589-A1FF-5E6835EB332B}.Debug|Any CPU.ActiveCfg = Debug|Any CPU
		{38950451-53CC-4589-A1FF-5E6835EB332B}.Debug|Any CPU.Build.0 = Debug|Any CPU
		{38950451-53CC-4589-A1FF-5E6835EB332B}.Release|Any CPU.ActiveCfg = Release|Any CPU
		{38950451-53CC-4589-A1FF-5E6835EB332B}.Release|Any CPU.Build.0 = Release|Any CPU
		{E57BF08D-D4A9-47BE-A295-643D65C29590}.Debug|Any CPU.ActiveCfg = Debug|Any CPU
		{E57BF08D-D4A9-47BE-A295-643D65C29590}.Debug|Any CPU.Build.0 = Debug|Any CPU
		{E57BF08D-D4A9-47BE-A295-643D65C29590}.Release|Any CPU.ActiveCfg = Release|Any CPU
		{E57BF08D-D4A9-47BE-A295-643D65C29590}.Release|Any CPU.Build.0 = Release|Any CPU
	EndGlobalSection
	GlobalSection(SolutionProperties) = preSolution
		HideSolutionNode = FALSE
	EndGlobalSection
EndGlobal
